
Microsoft Visual Studio Solution File, Format Version 12.00
# Visual Studio Version 16
VisualStudioVersion = 16.0.29215.179
MinimumVisualStudioVersion = 10.0.40219.1
Project("{FAE04EC0-301F-11D3-BF4B-00C04F79EFBC}") = "ListaDeContatos", "ListaDeContatos\ListaDeContatos.csproj", "{75FAF7F5-3246-4683-8AF9-9F030FC52767}"
EndProject
Project("{54435603-DBB4-11D2-8724-00A0C9A8B90C}") = "Instalador", "Instalador\Instalador.vdproj", "{E4724E43-7C41-4204-9A61-EF49B31525C8}"
EndProject
Global
	GlobalSection(SolutionConfigurationPlatforms) = preSolution
		Debug|Any CPU = Debug|Any CPU
		Release|Any CPU = Release|Any CPU
	EndGlobalSection
	GlobalSection(ProjectConfigurationPlatforms) = postSolution
		{75FAF7F5-3246-4683-8AF9-9F030FC52767}.Debug|Any CPU.ActiveCfg = Debug|Any CPU
		{75FAF7F5-3246-4683-8AF9-9F030FC52767}.Debug|Any CPU.Build.0 = Debug|Any CPU
		{75FAF7F5-3246-4683-8AF9-9F030FC52767}.Release|Any CPU.ActiveCfg = Release|Any CPU
		{75FAF7F5-3246-4683-8AF9-9F030FC52767}.Release|Any CPU.Build.0 = Release|Any CPU
		{E4724E43-7C41-4204-9A61-EF49B31525C8}.Debug|Any CPU.ActiveCfg = Debug
		{E4724E43-7C41-4204-9A61-EF49B31525C8}.Release|Any CPU.ActiveCfg = Release
	EndGlobalSection
	GlobalSection(SolutionProperties) = preSolution
		HideSolutionNode = FALSE
	EndGlobalSection
	GlobalSection(ExtensibilityGlobals) = postSolution
		SolutionGuid = {0C891C06-40E0-4BA2-AF8C-6CA85B523936}
	EndGlobalSection
EndGlobal
